
Microsoft Visual Studio Solution File, Format Version 12.00
# Visual Studio 15
VisualStudioVersion = 15.0.26430.16
MinimumVisualStudioVersion = 10.0.40219.1
Project("{D954291E-2A0B-460D-934E-DC6B0785DB48}") = "DataStorageDemo", "DataStorageDemo\DataStorageDemo\DataStorageDemo.shproj", "{1F0E0334-F030-4AF9-BF6C-AA13B62142A1}"
EndProject
Project("{FAE04EC0-301F-11D3-BF4B-00C04F79EFBC}") = "DataStorageDemo.Android", "DataStorageDemo\DataStorageDemo.Android\DataStorageDemo.Android.csproj", "{5497ECF1-9884-463A-B338-F1640FC4591A}"
EndProject
Project("{FAE04EC0-301F-11D3-BF4B-00C04F79EFBC}") = "DataStorageDemo.iOS", "DataStorageDemo\DataStorageDemo.iOS\DataStorageDemo.iOS.csproj", "{113B277E-7979-4B4B-9BB7-03AB0B273776}"
EndProject
Project("{FAE04EC0-301F-11D3-BF4B-00C04F79EFBC}") = "DataStorageDemo.UWP", "DataStorageDemo\DataStorageDemo.UWP\DataStorageDemo.UWP.csproj", "{ECD3AF5E-2E58-4694-8252-2671FC74239B}"
EndProject
Global
	GlobalSection(SharedMSBuildProjectFiles) = preSolution
		DataStorageDemo\DataStorageDemo\DataStorageDemo.projitems*{113b277e-7979-4b4b-9bb7-03ab0b273776}*SharedItemsImports = 4
		DataStorageDemo\DataStorageDemo\DataStorageDemo.projitems*{1f0e0334-f030-4af9-bf6c-aa13b62142a1}*SharedItemsImports = 13
		DataStorageDemo\DataStorageDemo\DataStorageDemo.projitems*{5497ecf1-9884-463a-b338-f1640fc4591a}*SharedItemsImports = 4
		DataStorageDemo\DataStorageDemo\DataStorageDemo.projitems*{ecd3af5e-2e58-4694-8252-2671fc74239b}*SharedItemsImports = 4
	EndGlobalSection
	GlobalSection(SolutionConfigurationPlatforms) = preSolution
		Ad-Hoc|Any CPU = Ad-Hoc|Any CPU
		Ad-Hoc|ARM = Ad-Hoc|ARM
		Ad-Hoc|iPhone = Ad-Hoc|iPhone
		Ad-Hoc|iPhoneSimulator = Ad-Hoc|iPhoneSimulator
		Ad-Hoc|x64 = Ad-Hoc|x64
		Ad-Hoc|x86 = Ad-Hoc|x86
		AppStore|Any CPU = AppStore|Any CPU
		AppStore|ARM = AppStore|ARM
		AppStore|iPhone = AppStore|iPhone
		AppStore|iPhoneSimulator = AppStore|iPhoneSimulator
		AppStore|x64 = AppStore|x64
		AppStore|x86 = AppStore|x86
		Debug|Any CPU = Debug|Any CPU
		Debug|ARM = Debug|ARM
		Debug|iPhone = Debug|iPhone
		Debug|iPhoneSimulator = Debug|iPhoneSimulator
		Debug|x64 = Debug|x64
		Debug|x86 = Debug|x86
		Release|Any CPU = Release|Any CPU
		Release|ARM = Release|ARM
		Release|iPhone = Release|iPhone
		Release|iPhoneSimulator = Release|iPhoneSimulator
		Release|x64 = Release|x64
		Release|x86 = Release|x86
	EndGlobalSection
	GlobalSection(ProjectConfigurationPlatforms) = postSolution
		{5497ECF1-9884-463A-B338-F1640FC4591A}.Ad-Hoc|Any CPU.ActiveCfg = Release|Any CPU
		{5497ECF1-9884-463A-B338-F1640FC4591A}.Ad-Hoc|Any CPU.Build.0 = Release|Any CPU
		{5497ECF1-9884-463A-B338-F1640FC4591A}.Ad-Hoc|Any CPU.Deploy.0 = Release|Any CPU
		{5497ECF1-9884-463A-B338-F1640FC4591A}.Ad-Hoc|ARM.ActiveCfg = Release|Any CPU
		{5497ECF1-9884-463A-B338-F1640FC4591A}.Ad-Hoc|ARM.Build.0 = Release|Any CPU
		{5497ECF1-9884-463A-B338-F1640FC4591A}.Ad-Hoc|ARM.Deploy.0 = Release|Any CPU
		{5497ECF1-9884-463A-B338-F1640FC4591A}.Ad-Hoc|iPhone.ActiveCfg = Release|Any CPU
		{5497ECF1-9884-463A-B338-F1640FC4591A}.Ad-Hoc|iPhone.Build.0 = Release|Any CPU
		{5497ECF1-9884-463A-B338-F1640FC4591A}.Ad-Hoc|iPhone.Deploy.0 = Release|Any CPU
		{5497ECF1-9884-463A-B338-F1640FC4591A}.Ad-Hoc|iPhoneSimulator.ActiveCfg = Release|Any CPU
		{5497ECF1-9884-463A-B338-F1640FC4591A}.Ad-Hoc|iPhoneSimulator.Build.0 = Release|Any CPU
		{5497ECF1-9884-463A-B338-F1640FC4591A}.Ad-Hoc|iPhoneSimulator.Deploy.0 = Release|Any CPU
		{5497ECF1-9884-463A-B338-F1640FC4591A}.Ad-Hoc|x64.ActiveCfg = Release|Any CPU
		{5497ECF1-9884-463A-B338-F1640FC4591A}.Ad-Hoc|x64.Build.0 = Release|Any CPU
		{5497ECF1-9884-463A-B338-F1640FC4591A}.Ad-Hoc|x64.Deploy.0 = Release|Any CPU
		{5497ECF1-9884-463A-B338-F1640FC4591A}.Ad-Hoc|x86.ActiveCfg = Release|Any CPU
		{5497ECF1-9884-463A-B338-F1640FC4591A}.Ad-Hoc|x86.Build.0 = Release|Any CPU
		{5497ECF1-9884-463A-B338-F1640FC4591A}.Ad-Hoc|x86.Deploy.0 = Release|Any CPU
		{5497ECF1-9884-463A-B338-F1640FC4591A}.AppStore|Any CPU.ActiveCfg = Release|Any CPU
		{5497ECF1-9884-463A-B338-F1640FC4591A}.AppStore|Any CPU.Build.0 = Release|Any CPU
		{5497ECF1-9884-463A-B338-F1640FC4591A}.AppStore|Any CPU.Deploy.0 = Release|Any CPU
		{5497ECF1-9884-463A-B338-F1640FC4591A}.AppStore|ARM.ActiveCfg = Release|Any CPU
		{5497ECF1-9884-463A-B338-F1640FC4591A}.AppStore|ARM.Build.0 = Release|Any CPU
		{5497ECF1-9884-463A-B338-F1640FC4591A}.AppStore|ARM.Deploy.0 = Release|Any CPU
		{5497ECF1-9884-463A-B338-F1640FC4591A}.AppStore|iPhone.ActiveCfg = Release|Any CPU
		{5497ECF1-9884-463A-B338-F1640FC4591A}.AppStore|iPhone.Build.0 = Release|Any CPU
		{5497ECF1-9884-463A-B338-F1640FC4591A}.AppStore|iPhone.Deploy.0 = Release|Any CPU
		{5497ECF1-9884-463A-B338-F1640FC4591A}.AppStore|iPhoneSimulator.ActiveCfg = Release|Any CPU
		{5497ECF1-9884-463A-B338-F1640FC4591A}.AppStore|iPhoneSimulator.Build.0 = Release|Any CPU
		{5497ECF1-9884-463A-B338-F1640FC4591A}.AppStore|iPhoneSimulator.Deploy.0 = Release|Any CPU
		{5497ECF1-9884-463A-B338-F1640FC4591A}.AppStore|x64.ActiveCfg = Release|Any CPU
		{5497ECF1-9884-463A-B338-F1640FC4591A}.AppStore|x64.Build.0 = Release|Any CPU
		{5497ECF1-9884-463A-B338-F1640FC4591A}.AppStore|x64.Deploy.0 = Release|Any CPU
		{5497ECF1-9884-463A-B338-F1640FC4591A}.AppStore|x86.ActiveCfg = Release|Any CPU
		{5497ECF1-9884-463A-B338-F1640FC4591A}.AppStore|x86.Build.0 = Release|Any CPU
		{5497ECF1-9884-463A-B338-F1640FC4591A}.AppStore|x86.Deploy.0 = Release|Any CPU
		{5497ECF1-9884-463A-B338-F1640FC4591A}.Debug|Any CPU.ActiveCfg = Debug|Any CPU
		{5497ECF1-9884-463A-B338-F1640FC4591A}.Debug|Any CPU.Build.0 = Debug|Any CPU
		{5497ECF1-9884-463A-B338-F1640FC4591A}.Debug|Any CPU.Deploy.0 = Debug|Any CPU
		{5497ECF1-9884-463A-B338-F1640FC4591A}.Debug|ARM.ActiveCfg = Debug|Any CPU
		{5497ECF1-9884-463A-B338-F1640FC4591A}.Debug|ARM.Build.0 = Debug|Any CPU
		{5497ECF1-9884-463A-B338-F1640FC4591A}.Debug|ARM.Deploy.0 = Debug|Any CPU
		{5497ECF1-9884-463A-B338-F1640FC4591A}.Debug|iPhone.ActiveCfg = Debug|Any CPU
		{5497ECF1-9884-463A-B338-F1640FC4591A}.Debug|iPhone.Build.0 = Debug|Any CPU
		{5497ECF1-9884-463A-B338-F1640FC4591A}.Debug|iPhone.Deploy.0 = Debug|Any CPU
		{5497ECF1-9884-463A-B338-F1640FC4591A}.Debug|iPhoneSimulator.ActiveCfg = Debug|Any CPU
		{5497ECF1-9884-463A-B338-F1640FC4591A}.Debug|iPhoneSimulator.Build.0 = Debug|Any CPU
		{5497ECF1-9884-463A-B338-F1640FC4591A}.Debug|iPhoneSimulator.Deploy.0 = Debug|Any CPU
		{5497ECF1-9884-463A-B338-F1640FC4591A}.Debug|x64.ActiveCfg = Debug|Any CPU
		{5497ECF1-9884-463A-B338-F1640FC4591A}.Debug|x64.Build.0 = Debug|Any CPU
		{5497ECF1-9884-463A-B338-F1640FC4591A}.Debug|x64.Deploy.0 = Debug|Any CPU
		{5497ECF1-9884-463A-B338-F1640FC4591A}.Debug|x86.ActiveCfg = Debug|Any CPU
		{5497ECF1-9884-463A-B338-F1640FC4591A}.Debug|x86.Build.0 = Debug|Any CPU
		{5497ECF1-9884-463A-B338-F1640FC4591A}.Debug|x86.Deploy.0 = Debug|Any CPU
		{5497ECF1-9884-463A-B338-F1640FC4591A}.Release|Any CPU.ActiveCfg = Release|Any CPU
		{5497ECF1-9884-463A-B338-F1640FC4591A}.Release|Any CPU.Build.0 = Release|Any CPU
		{5497ECF1-9884-463A-B338-F1640FC4591A}.Release|Any CPU.Deploy.0 = Release|Any CPU
		{5497ECF1-9884-463A-B338-F1640FC4591A}.Release|ARM.ActiveCfg = Release|Any CPU
		{5497ECF1-9884-463A-B338-F1640FC4591A}.Release|ARM.Build.0 = Release|Any CPU
		{5497ECF1-9884-463A-B338-F1640FC4591A}.Release|ARM.Deploy.0 = Release|Any CPU
		{5497ECF1-9884-463A-B338-F1640FC4591A}.Release|iPhone.ActiveCfg = Release|Any CPU
		{5497ECF1-9884-463A-B338-F1640FC4591A}.Release|iPhone.Build.0 = Release|Any CPU
		{5497ECF1-9884-463A-B338-F1640FC4591A}.Release|iPhone.Deploy.0 = Release|Any CPU
		{5497ECF1-9884-463A-B338-F1640FC4591A}.Release|iPhoneSimulator.ActiveCfg = Release|Any CPU
		{5497ECF1-9884-463A-B338-F1640FC4591A}.Release|iPhoneSimulator.Build.0 = Release|Any CPU
		{5497ECF1-9884-463A-B338-F1640FC4591A}.Release|iPhoneSimulator.Deploy.0 = Release|Any CPU
		{5497ECF1-9884-463A-B338-F1640FC4591A}.Release|x64.ActiveCfg = Release|Any CPU
		{5497ECF1-9884-463A-B338-F1640FC4591A}.Release|x64.Build.0 = Release|Any CPU
		{5497ECF1-9884-463A-B338-F1640FC4591A}.Release|x64.Deploy.0 = Release|Any CPU
		{5497ECF1-9884-463A-B338-F1640FC4591A}.Release|x86.ActiveCfg = Release|Any CPU
		{5497ECF1-9884-463A-B338-F1640FC4591A}.Release|x86.Build.0 = Release|Any CPU
		{5497ECF1-9884-463A-B338-F1640FC4591A}.Release|x86.Deploy.0 = Release|Any CPU
		{113B277E-7979-4B4B-9BB7-03AB0B273776}.Ad-Hoc|Any CPU.ActiveCfg = Ad-Hoc|iPhone
		{113B277E-7979-4B4B-9BB7-03AB0B273776}.Ad-Hoc|ARM.ActiveCfg = Ad-Hoc|iPhone
		{113B277E-7979-4B4B-9BB7-03AB0B273776}.Ad-Hoc|iPhone.ActiveCfg = Ad-Hoc|iPhone
		{113B277E-7979-4B4B-9BB7-03AB0B273776}.Ad-Hoc|iPhone.Build.0 = Ad-Hoc|iPhone
		{113B277E-7979-4B4B-9BB7-03AB0B273776}.Ad-Hoc|iPhoneSimulator.ActiveCfg = Ad-Hoc|iPhoneSimulator
		{113B277E-7979-4B4B-9BB7-03AB0B273776}.Ad-Hoc|iPhoneSimulator.Build.0 = Ad-Hoc|iPhoneSimulator
		{113B277E-7979-4B4B-9BB7-03AB0B273776}.Ad-Hoc|x64.ActiveCfg = Ad-Hoc|iPhone
		{113B277E-7979-4B4B-9BB7-03AB0B273776}.Ad-Hoc|x86.ActiveCfg = Ad-Hoc|iPhone
		{113B277E-7979-4B4B-9BB7-03AB0B273776}.AppStore|Any CPU.ActiveCfg = AppStore|iPhone
		{113B277E-7979-4B4B-9BB7-03AB0B273776}.AppStore|ARM.ActiveCfg = AppStore|iPhone
		{113B277E-7979-4B4B-9BB7-03AB0B273776}.AppStore|iPhone.ActiveCfg = AppStore|iPhone
		{113B277E-7979-4B4B-9BB7-03AB0B273776}.AppStore|iPhone.Build.0 = AppStore|iPhone
		{113B277E-7979-4B4B-9BB7-03AB0B273776}.AppStore|iPhoneSimulator.ActiveCfg = AppStore|iPhoneSimulator
		{113B277E-7979-4B4B-9BB7-03AB0B273776}.AppStore|iPhoneSimulator.Build.0 = AppStore|iPhoneSimulator
		{113B277E-7979-4B4B-9BB7-03AB0B273776}.AppStore|x64.ActiveCfg = AppStore|iPhone
		{113B277E-7979-4B4B-9BB7-03AB0B273776}.AppStore|x86.ActiveCfg = AppStore|iPhone
		{113B277E-7979-4B4B-9BB7-03AB0B273776}.Debug|Any CPU.ActiveCfg = Debug|iPhone
		{113B277E-7979-4B4B-9BB7-03AB0B273776}.Debug|ARM.ActiveCfg = Debug|iPhone
		{113B277E-7979-4B4B-9BB7-03AB0B273776}.Debug|iPhone.ActiveCfg = Debug|iPhone
		{113B277E-7979-4B4B-9BB7-03AB0B273776}.Debug|iPhone.Build.0 = Debug|iPhone
		{113B277E-7979-4B4B-9BB7-03AB0B273776}.Debug|iPhoneSimulator.ActiveCfg = Debug|iPhoneSimulator
		{113B277E-7979-4B4B-9BB7-03AB0B273776}.Debug|iPhoneSimulator.Build.0 = Debug|iPhoneSimulator
		{113B277E-7979-4B4B-9BB7-03AB0B273776}.Debug|x64.ActiveCfg = Debug|iPhone
		{113B277E-7979-4B4B-9BB7-03AB0B273776}.Debug|x86.ActiveCfg = Debug|iPhone
		{113B277E-7979-4B4B-9BB7-03AB0B273776}.Release|Any CPU.ActiveCfg = Release|iPhone
		{113B277E-7979-4B4B-9BB7-03AB0B273776}.Release|ARM.ActiveCfg = Release|iPhone
		{113B277E-7979-4B4B-9BB7-03AB0B273776}.Release|iPhone.ActiveCfg = Release|iPhone
		{113B277E-7979-4B4B-9BB7-03AB0B273776}.Release|iPhone.Build.0 = Release|iPhone
		{113B277E-7979-4B4B-9BB7-03AB0B273776}.Release|iPhoneSimulator.ActiveCfg = Release|iPhoneSimulator
		{113B277E-7979-4B4B-9BB7-03AB0B273776}.Release|iPhoneSimulator.Build.0 = Release|iPhoneSimulator
		{113B277E-7979-4B4B-9BB7-03AB0B273776}.Release|x64.ActiveCfg = Release|iPhone
		{113B277E-7979-4B4B-9BB7-03AB0B273776}.Release|x86.ActiveCfg = Release|iPhone
		{ECD3AF5E-2E58-4694-8252-2671FC74239B}.Ad-Hoc|Any CPU.ActiveCfg = Release|x86
		{ECD3AF5E-2E58-4694-8252-2671FC74239B}.Ad-Hoc|Any CPU.Build.0 = Release|x86
		{ECD3AF5E-2E58-4694-8252-2671FC74239B}.Ad-Hoc|Any CPU.Deploy.0 = Release|x86
		{ECD3AF5E-2E58-4694-8252-2671FC74239B}.Ad-Hoc|ARM.ActiveCfg = Release|ARM
		{ECD3AF5E-2E58-4694-8252-2671FC74239B}.Ad-Hoc|ARM.Build.0 = Release|ARM
		{ECD3AF5E-2E58-4694-8252-2671FC74239B}.Ad-Hoc|ARM.Deploy.0 = Release|ARM
		{ECD3AF5E-2E58-4694-8252-2671FC74239B}.Ad-Hoc|iPhone.ActiveCfg = Release|x86
		{ECD3AF5E-2E58-4694-8252-2671FC74239B}.Ad-Hoc|iPhone.Build.0 = Release|x86
		{ECD3AF5E-2E58-4694-8252-2671FC74239B}.Ad-Hoc|iPhone.Deploy.0 = Release|x86
		{ECD3AF5E-2E58-4694-8252-2671FC74239B}.Ad-Hoc|iPhoneSimulator.ActiveCfg = Release|x86
		{ECD3AF5E-2E58-4694-8252-2671FC74239B}.Ad-Hoc|iPhoneSimulator.Build.0 = Release|x86
		{ECD3AF5E-2E58-4694-8252-2671FC74239B}.Ad-Hoc|iPhoneSimulator.Deploy.0 = Release|x86
		{ECD3AF5E-2E58-4694-8252-2671FC74239B}.Ad-Hoc|x64.ActiveCfg = Release|x64
		{ECD3AF5E-2E58-4694-8252-2671FC74239B}.Ad-Hoc|x64.Build.0 = Release|x64
		{ECD3AF5E-2E58-4694-8252-2671FC74239B}.Ad-Hoc|x64.Deploy.0 = Release|x64
		{ECD3AF5E-2E58-4694-8252-2671FC74239B}.Ad-Hoc|x86.ActiveCfg = Release|x86
		{ECD3AF5E-2E58-4694-8252-2671FC74239B}.Ad-Hoc|x86.Build.0 = Release|x86
		{ECD3AF5E-2E58-4694-8252-2671FC74239B}.Ad-Hoc|x86.Deploy.0 = Release|x86
		{ECD3AF5E-2E58-4694-8252-2671FC74239B}.AppStore|Any CPU.ActiveCfg = Release|x86
		{ECD3AF5E-2E58-4694-8252-2671FC74239B}.AppStore|Any CPU.Build.0 = Release|x86
		{ECD3AF5E-2E58-4694-8252-2671FC74239B}.AppStore|Any CPU.Deploy.0 = Release|x86
		{ECD3AF5E-2E58-4694-8252-2671FC74239B}.AppStore|ARM.ActiveCfg = Release|ARM
		{ECD3AF5E-2E58-4694-8252-2671FC74239B}.AppStore|ARM.Build.0 = Release|ARM
		{ECD3AF5E-2E58-4694-8252-2671FC74239B}.AppStore|ARM.Deploy.0 = Release|ARM
		{ECD3AF5E-2E58-4694-8252-2671FC74239B}.AppStore|iPhone.ActiveCfg = Release|x86
		{ECD3AF5E-2E58-4694-8252-2671FC74239B}.AppStore|iPhone.Build.0 = Release|x86
		{ECD3AF5E-2E58-4694-8252-2671FC74239B}.AppStore|iPhone.Deploy.0 = Release|x86
		{ECD3AF5E-2E58-4694-8252-2671FC74239B}.AppStore|iPhoneSimulator.ActiveCfg = Release|x86
		{ECD3AF5E-2E58-4694-8252-2671FC74239B}.AppStore|iPhoneSimulator.Build.0 = Release|x86
		{ECD3AF5E-2E58-4694-8252-2671FC74239B}.AppStore|iPhoneSimulator.Deploy.0 = Release|x86
		{ECD3AF5E-2E58-4694-8252-2671FC74239B}.AppStore|x64.ActiveCfg = Release|x64
		{ECD3AF5E-2E58-4694-8252-2671FC74239B}.AppStore|x64.Build.0 = Release|x64
		{ECD3AF5E-2E58-4694-8252-2671FC74239B}.AppStore|x64.Deploy.0 = Release|x64
		{ECD3AF5E-2E58-4694-8252-2671FC74239B}.AppStore|x86.ActiveCfg = Release|x86
		{ECD3AF5E-2E58-4694-8252-2671FC74239B}.AppStore|x86.Build.0 = Release|x86
		{ECD3AF5E-2E58-4694-8252-2671FC74239B}.AppStore|x86.Deploy.0 = Release|x86
		{ECD3AF5E-2E58-4694-8252-2671FC74239B}.Debug|Any CPU.ActiveCfg = Debug|x86
		{ECD3AF5E-2E58-4694-8252-2671FC74239B}.Debug|ARM.ActiveCfg = Debug|ARM
		{ECD3AF5E-2E58-4694-8252-2671FC74239B}.Debug|ARM.Build.0 = Debug|ARM
		{ECD3AF5E-2E58-4694-8252-2671FC74239B}.Debug|ARM.Deploy.0 = Debug|ARM
		{ECD3AF5E-2E58-4694-8252-2671FC74239B}.Debug|iPhone.ActiveCfg = Debug|x86
		{ECD3AF5E-2E58-4694-8252-2671FC74239B}.Debug|iPhone.Build.0 = Debug|x86
		{ECD3AF5E-2E58-4694-8252-2671FC74239B}.Debug|iPhone.Deploy.0 = Debug|x86
		{ECD3AF5E-2E58-4694-8252-2671FC74239B}.Debug|iPhoneSimulator.ActiveCfg = Debug|x86
		{ECD3AF5E-2E58-4694-8252-2671FC74239B}.Debug|x64.ActiveCfg = Debug|x64
		{ECD3AF5E-2E58-4694-8252-2671FC74239B}.Debug|x64.Build.0 = Debug|x64
		{ECD3AF5E-2E58-4694-8252-2671FC74239B}.Debug|x64.Deploy.0 = Debug|x64
		{ECD3AF5E-2E58-4694-8252-2671FC74239B}.Debug|x86.ActiveCfg = Debug|x86
		{ECD3AF5E-2E58-4694-8252-2671FC74239B}.Debug|x86.Build.0 = Debug|x86
		{ECD3AF5E-2E58-4694-8252-2671FC74239B}.Debug|x86.Deploy.0 = Debug|x86
		{ECD3AF5E-2E58-4694-8252-2671FC74239B}.Release|Any CPU.ActiveCfg = Release|x86
		{ECD3AF5E-2E58-4694-8252-2671FC74239B}.Release|ARM.ActiveCfg = Release|ARM
		{ECD3AF5E-2E58-4694-8252-2671FC74239B}.Release|ARM.Build.0 = Release|ARM
		{ECD3AF5E-2E58-4694-8252-2671FC74239B}.Release|ARM.Deploy.0 = Release|ARM
		{ECD3AF5E-2E58-4694-8252-2671FC74239B}.Release|iPhone.ActiveCfg = Release|x86
		{ECD3AF5E-2E58-4694-8252-2671FC74239B}.Release|iPhoneSimulator.ActiveCfg = Release|x86
		{ECD3AF5E-2E58-4694-8252-2671FC74239B}.Release|x64.ActiveCfg = Release|x64
		{ECD3AF5E-2E58-4694-8252-2671FC74239B}.Release|x64.Build.0 = Release|x64
		{ECD3AF5E-2E58-4694-8252-2671FC74239B}.Release|x64.Deploy.0 = Release|x64
		{ECD3AF5E-2E58-4694-8252-2671FC74239B}.Release|x86.ActiveCfg = Release|x86
		{ECD3AF5E-2E58-4694-8252-2671FC74239B}.Release|x86.Build.0 = Release|x86
		{ECD3AF5E-2E58-4694-8252-2671FC74239B}.Release|x86.Deploy.0 = Release|x86
	EndGlobalSection
	GlobalSection(SolutionProperties) = preSolution
		HideSolutionNode = FALSE
	EndGlobalSection
EndGlobal
